lockfileVersion: '9.0'

settings:
  autoInstallPeers: true
  excludeLinksFromLockfile: false

importers:

  .:
    dependencies:
      '@frontegg/react':
        specifier: ^7.0.8
        version: 7.0.8(react-dom@18.3.1(react@18.3.1))(react-router-dom@6.27.0(react-dom@18.3.1(react@18.3.1))(react@18.3.1))(react@18.3.1)
      react-router-dom:
        specifier: ^6.27.0
        version: 6.27.0(react-dom@18.3.1(react@18.3.1))(react@18.3.1)

packages:

  '@babel/runtime@7.25.7':
    resolution: {integrity: sha512-FjoyLe754PMiYsFaN5C94ttGiOmBNYTf6pLr4xXHAT5uctHb092PBszndLDR5XA/jghQvn4n7JMHl7dmTgbm9w==}
    engines: {node: '>=6.9.0'}

  '@frontegg/entitlements-javascript-commons@1.1.2':
    resolution: {integrity: sha512-vwCFxj9KSIKHXinOH0HbBf4DhKRbUWhjCnL14+JfQnwuEl/zKtSGZoZecrXcPajWUypdi0uT+8q3GGcqnCW13Q==}

  '@frontegg/js@7.13.0':
    resolution: {integrity: sha512-ggIKu+fMh31aX32HVb3j4VSf4k5MrOrYj0YVbOkmJcHVC5T24FJcPkzVh1iqSle+PDtJiqXMSmYu3dpA58HGFg==}

  '@frontegg/react-hooks@7.13.0':
    resolution: {integrity: sha512-DvRTDIirynK15vePKxPEfz0ddJ81cEARS2UloWr48j+MoUFgn5w6SWirtfdBQdmcTBm+Fr9iYTYg6WA5uUlMtw==}

  '@frontegg/react@7.0.8':
    resolution: {integrity: sha512-Xcr0FL5RdrKbmuretSO4dtpPF6nbv07KLg+fbBm+eoqAaKFo7AHCGS27BifMu8HGbIAhfhUWvbgWgMrzRMt7vg==}
    peerDependencies:
      react: '>16.9.0'
      react-dom: '>16.9.0'
      react-router-dom: '>5.0.0'

  '@frontegg/redux-store@7.13.0':
    resolution: {integrity: sha512-V+3vUEjShv49Ph6jLzYc+S7seV7XnhUIucLDCI2XYDg0mWMvyokIs/4SP9KsGt55kqJW7l0uaqJqzja5v5kyGQ==}

  '@frontegg/rest-api@3.2.1':
    resolution: {integrity: sha512-b3L508bxUW6nbu1MC5ftF3OwX+G0jo+deQ5vqs5Ua8tYxBG4lHGpKSVguP1Qzxd/7dxOdBMeOPiJQSFxcJmeJA==}

  '@frontegg/types@7.13.0':
    resolution: {integrity: sha512-BuK5LA6MYs5RXNAAhBWH8MVg9VjJ0tvmzecA0+h4ddX6b5KgEv6zZwUg0Pko4wyIOtCAQ8V2tE13/0H2nS1Arw==}

  '@remix-run/router@1.20.0':
    resolution: {integrity: sha512-mUnk8rPJBI9loFDZ+YzPGdeniYK+FTmRD1TMCz7ev2SNIozyKKpnGgsxO34u6Z4z/t0ITuu7voi/AshfsGsgFg==}
    engines: {node: '>=14.0.0'}

  '@types/prop-types@15.7.13':
    resolution: {integrity: sha512-hCZTSvwbzWGvhqxp/RqVqwU999pBf2vp7hzIjiYOsl8wqOmUxkQ6ddw1cV3l8811+kdUFus/q4d1Y3E3SyEifA==}

  '@types/react-is@17.0.7':
    resolution: {integrity: sha512-WrTEiT+c6rgq36QApoy0063uAOdltCrhF0QMXLIgYPaTvIdQhAB8hPb5oGGqX18xToElNILS9UprwU6GyINcJg==}

  '@types/react@17.0.83':
    resolution: {integrity: sha512-l0m4ArKJvmFtR4e8UmKrj1pB4tUgOhJITf+mADyF/p69Ts1YAR/E+G9XEM0mHXKVRa1dQNHseyyDNzeuAXfXQw==}

  '@types/react@18.3.11':
    resolution: {integrity: sha512-r6QZ069rFTjrEYgFdOck1gK7FLVsgJE7tTz0pQBczlBNUhBNk0MQH4UbnFSwjpQLMkLzgqvBBa+qGpLje16eTQ==}

  '@types/scheduler@0.16.8':
    resolution: {integrity: sha512-WZLiwShhwLRmeV6zH+GkbOFT6Z6VklCItrDioxUnv+u4Ll+8vKeFySoFyK/0ctcRpOmwAicELfmys1sDc/Rw+A==}

  csstype@3.1.3:
    resolution: {integrity: sha512-M1uQkMl8rQK/szD0LNhtqxIPLpimGm8sOBwU7lLnCpSbTyY3yeU1Vc7l4KT5zT4s/yOxHH5O7tIuuLOCnLADRw==}

  deepmerge@4.3.1:
    resolution: {integrity: sha512-3sUqbMEc77XqpdNO7FRyRog+eW3ph+GYCbj+rK+uYyRMuwsVy0rMiVtPn+QJlKFvWP/1PYpapqYn0Me2knFn+A==}
    engines: {node: '>=0.10.0'}

  fast-deep-equal@3.1.3:
    resolution: {integrity: sha512-f3qQ9oQy9j2AhBe/H9VC91wLmKBCCU/gDOnKNAYG5hswO7BLKj09Hc5HYNz9cGI++xlpDCIgDaitVs03ATR84Q==}

  get-value@3.0.1:
    resolution: {integrity: sha512-mKZj9JLQrwMBtj5wxi6MH8Z5eSKaERpAwjg43dPtlGI1ZVEgH/qC7T8/6R2OBSUA+zzHBZgICsVJaEIV2tKTDA==}
    engines: {node: '>=6.0'}

  is-plain-object@2.0.4:
    resolution: {integrity: sha512-h5PpgXkWitc38BBMYawTYMWJHFZJVnBquFE57xFpjB8pJFiF6gZ+bU+WyI/yqXiFR5mdLsgYNaPe8uao6Uv9Og==}
    engines: {node: '>=0.10.0'}

  is-primitive@3.0.1:
    resolution: {integrity: sha512-GljRxhWvlCNRfZyORiH77FwdFwGcMO620o37EOYC0ORWdq+WYNVqW0w2Juzew4M+L81l6/QS3t5gkkihyRqv9w==}
    engines: {node: '>=0.10.0'}

  isobject@3.0.1:
    resolution: {integrity: sha512-WhB9zCku7EGTj/HQQRz5aUQEUeoQZH2bWcltRErOpymJ4boYE6wL9Tbr23krRPSZ+C5zqNSrSw+Cc7sZZ4b7vg==}
    engines: {node: '>=0.10.0'}

  js-tokens@4.0.0:
    resolution: {integrity: sha512-RdJUflcE3cUzKiMqQgsCu06FPu9UdIJO0beYbPhHN4k6apgJtifcoCtT9bcxOpYBtpD2kCM6Sbzg4CausW/PKQ==}

  loose-envify@1.4.0:
    resolution: {integrity: sha512-lyuxPGr/Wfhrlem2CL/UcnUc1zcqKAImBDzukY7Y5F/yQiNdko6+fRLevlw1HgMySw7f611UIY408EtxRSoK3Q==}
    hasBin: true

  proxy-compare@3.0.0:
    resolution: {integrity: sha512-y44MCkgtZUCT9tZGuE278fB7PWVf7fRYy0vbRXAts2o5F0EfC4fIQrvQQGBJo1WJbFcVLXzApOscyJuZqHQc1w==}

  react-dom@18.3.1:
    resolution: {integrity: sha512-5m4nQKp+rZRb09LNH59GM4BxTh9251/ylbKIbpe7TpGxfJ+9kv6BLkLBXIjjspbgbnIBNqlI23tRnTWT0snUIw==}
    peerDependencies:
      react: ^18.3.1

  react-is@17.0.2:
    resolution: {integrity: sha512-w2GsyukL62IJnlaff/nRegPQR94C/XXamvMWmSHRJ4y7Ts/4ocGRmTHvOs8PSE6pB3dWOrD/nueuU5sduBsQ4w==}

  react-router-dom@6.27.0:
    resolution: {integrity: sha512-+bvtFWMC0DgAFrfKXKG9Fc+BcXWRUO1aJIihbB79xaeq0v5UzfvnM5houGUm1Y461WVRcgAQ+Clh5rdb1eCx4g==}
    engines: {node: '>=14.0.0'}
    peerDependencies:
      react: '>=16.8'
      react-dom: '>=16.8'

  react-router@6.27.0:
    resolution: {integrity: sha512-YA+HGZXz4jaAkVoYBE98VQl+nVzI+cVI2Oj/06F5ZM+0u3TgedN9Y9kmMRo2mnkSK2nCpNQn0DVob4HCsY/WLw==}
    engines: {node: '>=14.0.0'}
    peerDependencies:
      react: '>=16.8'

  react@18.3.1:
    resolution: {integrity: sha512-wS+hAgJShR0KhEvPJArfuPVN1+Hz1t0Y6n5jLrGQbkb4urgPE/0Rve+1kMB1v/oWgHgm4WIcV+i7F2pTVj+2iQ==}
    engines: {node: '>=0.10.0'}

  regenerator-runtime@0.14.1:
    resolution: {integrity: sha512-dYnhHh0nJoMfnkZs6GmmhFknAGRrLznOu5nc9ML+EJxGvrx6H7teuevqVqCuPcPK//3eDrrjQhehXVx9cnkGdw==}

  scheduler@0.23.2:
    resolution: {integrity: sha512-UOShsPwz7NrMUqhR6t0hWjFduvOzbtv7toDH1/hIrfRNIDBnnBWd0CwJTGvTpngVlmwGCdP9/Zl/tVrDqcuYzQ==}

  set-value@4.1.0:
    resolution: {integrity: sha512-zTEg4HL0RwVrqcWs3ztF+x1vkxfm0lP+MQQFPiMJTKVceBwEV0A569Ou8l9IYQG8jOZdMVI1hGsc0tmeD2o/Lw==}
    engines: {node: '>=11.0'}

  use-sync-external-store@1.2.2:
    resolution: {integrity: sha512-PElTlVMwpblvbNqQ82d2n6RjStvdSoNe9FG28kNfz3WiXilJm4DdNkEzRhCZuIDwY8U08WVihhGR5iRqAwfDiw==}
    peerDependencies:
      react: ^16.8.0 || ^17.0.0 || ^18.0.0

  uuid@10.0.0:
    resolution: {integrity: sha512-8XkAphELsDnEGrDxUOHB3RGvXz6TeuYSGEZBOjtTtPm2lwhGBjLgOzLHB63IUWfBpNucQjND6d3AOudO+H3RWQ==}
    hasBin: true

snapshots:

  '@babel/runtime@7.25.7':
    dependencies:
      regenerator-runtime: 0.14.1

  '@frontegg/entitlements-javascript-commons@1.1.2': {}

  '@frontegg/js@7.13.0':
    dependencies:
      '@babel/runtime': 7.25.7
      '@frontegg/types': 7.13.0

  '@frontegg/react-hooks@7.13.0(react@18.3.1)':
    dependencies:
      '@babel/runtime': 7.25.7
      '@frontegg/redux-store': 7.13.0
      '@frontegg/types': 7.13.0
      '@types/react': 18.3.11
      '@types/react-is': 17.0.7
      get-value: 3.0.1
      react-is: 17.0.2
      use-sync-external-store: 1.2.2(react@18.3.1)
    transitivePeerDependencies:
      - react

  '@frontegg/react@7.0.8(react-dom@18.3.1(react@18.3.1))(react-router-dom@6.27.0(react-dom@18.3.1(react@18.3.1))(react@18.3.1))(react@18.3.1)':
    dependencies:
      '@frontegg/js': 7.13.0
      '@frontegg/react-hooks': 7.13.0(react@18.3.1)
      react: 18.3.1
      react-dom: 18.3.1(react@18.3.1)
      react-router-dom: 6.27.0(react-dom@18.3.1(react@18.3.1))(react@18.3.1)

  '@frontegg/redux-store@7.13.0':
    dependencies:
      '@babel/runtime': 7.25.7
      '@frontegg/entitlements-javascript-commons': 1.1.2
      '@frontegg/rest-api': 3.2.1
      fast-deep-equal: 3.1.3
      get-value: 3.0.1
      proxy-compare: 3.0.0
      set-value: 4.1.0
      uuid: 10.0.0

  '@frontegg/rest-api@3.2.1':
    dependencies:
      '@babel/runtime': 7.25.7
      '@frontegg/entitlements-javascript-commons': 1.1.2

  '@frontegg/types@7.13.0':
    dependencies:
      '@babel/runtime': 7.25.7
      '@frontegg/redux-store': 7.13.0
      csstype: 3.1.3
      deepmerge: 4.3.1

  '@remix-run/router@1.20.0': {}

  '@types/prop-types@15.7.13': {}

  '@types/react-is@17.0.7':
    dependencies:
      '@types/react': 17.0.83

  '@types/react@17.0.83':
    dependencies:
      '@types/prop-types': 15.7.13
      '@types/scheduler': 0.16.8
      csstype: 3.1.3

  '@types/react@18.3.11':
    dependencies:
      '@types/prop-types': 15.7.13
      csstype: 3.1.3

  '@types/scheduler@0.16.8': {}

  csstype@3.1.3: {}

  deepmerge@4.3.1: {}

  fast-deep-equal@3.1.3: {}

  get-value@3.0.1:
    dependencies:
      isobject: 3.0.1

  is-plain-object@2.0.4:
    dependencies:
      isobject: 3.0.1

  is-primitive@3.0.1: {}

  isobject@3.0.1: {}

  js-tokens@4.0.0: {}

  loose-envify@1.4.0:
    dependencies:
      js-tokens: 4.0.0

  proxy-compare@3.0.0: {}

  react-dom@18.3.1(react@18.3.1):
    dependencies:
      loose-envify: 1.4.0
      react: 18.3.1
      scheduler: 0.23.2

  react-is@17.0.2: {}

  react-router-dom@6.27.0(react-dom@18.3.1(react@18.3.1))(react@18.3.1):
    dependencies:
      '@remix-run/router': 1.20.0
      react: 18.3.1
      react-dom: 18.3.1(react@18.3.1)
      react-router: 6.27.0(react@18.3.1)

  react-router@6.27.0(react@18.3.1):
    dependencies:
      '@remix-run/router': 1.20.0
      react: 18.3.1

  react@18.3.1:
    dependencies:
      loose-envify: 1.4.0

  regenerator-runtime@0.14.1: {}

  scheduler@0.23.2:
    dependencies:
      loose-envify: 1.4.0

  set-value@4.1.0:
    dependencies:
      is-plain-object: 2.0.4
      is-primitive: 3.0.1

  use-sync-external-store@1.2.2(react@18.3.1):
    dependencies:
      react: 18.3.1

  uuid@10.0.0: {}
